{
  "name": "@cesarbr/macaw",
  "version": "0.1.0",
  "lockfileVersion": 1,
  "requires": true,
  "dependencies": {
    "@stencil/core": {
      "version": "1.15.0",
      "resolved": "https://registry.npmjs.org/@stencil/core/-/core-1.15.0.tgz",
      "integrity": "sha512-aWTagMDQtKTyNFCpAC98mYRDGDEp6ZfIuEO11RUxha2lqwwVjsXsn9HChr8k3XVPszb9azbmLoWrjT7b+2OKog==",
      "dev": true,
      "requires": {
        "typescript": "3.9.5"
      }
    },
    "@stencil/sass": {
      "version": "1.1.1",
      "resolved": "https://registry.npmjs.org/@stencil/sass/-/sass-1.1.1.tgz",
      "integrity": "sha512-Nny3JiFkpQa0RdXWCa4pzhKQYnHuDNzC9c4w35FcaZHXBVuZ1UHSHc7wI7By9SS1auYcySqpPOBVzgoCqXcYVQ==",
      "dev": true
    },
    "nanoid": {
      "version": "3.1.18",
      "resolved": "https://npm.apple.com/nanoid/-/nanoid-3.1.18.tgz",
      "integrity": "sha1-BoDbIqsBw3Lokgn10YKD2Y3j6W0=",
      "dev": true
    },
    "stencil-click-outside": {
      "version": "1.7.1",
      "resolved": "https://npm.apple.com/stencil-click-outside/-/stencil-click-outside-1.7.1.tgz",
      "integrity": "sha1-nHmdF5Ek5IOFUjVp1vCTXFGeL9U=",
      "dev": true
    },
    "typescript": {
      "version": "3.9.5",
      "resolved": "https://registry.npmjs.org/typescript/-/typescript-3.9.5.tgz",
      "integrity": "sha512-hSAifV3k+i6lEoCJ2k6R2Z/rp/H3+8sdmcn5NrS3/3kE7+RyZXm9aqvxWqjEXHAd8b0pShatpcdMTvEdvAJltQ==",
      "dev": true
    }
  }
}
